
Microsoft Visual Studio Solution File, Format Version 12.00
# Visual Studio Version 17
VisualStudioVersion = 17.2.32526.322
MinimumVisualStudioVersion = 10.0.40219.1
Project("{FAE04EC0-301F-11D3-BF4B-00C04F79EFBC}") = "MvcCoreCSRF", "MvcCoreCSRF\MvcCoreCSRF.csproj", "{15251685-559F-44B6-B6BA-035631A76793}"
EndProject
Global
	GlobalSection(SolutionConfigurationPlatforms) = preSolution
		Debug|Any CPU = Debug|Any CPU
		Release|Any CPU = Release|Any CPU
	EndGlobalSection
	GlobalSection(ProjectConfigurationPlatforms) = postSolution
		{15251685-559F-44B6-B6BA-035631A76793}.Debug|Any CPU.ActiveCfg = Debug|Any CPU
		{15251685-559F-44B6-B6BA-035631A76793}.Debug|Any CPU.Build.0 = Debug|Any CPU
		{15251685-559F-44B6-B6BA-035631A76793}.Release|Any CPU.ActiveCfg = Release|Any CPU
		{15251685-559F-44B6-B6BA-035631A76793}.Release|Any CPU.Build.0 = Release|Any CPU
	EndGlobalSection
	GlobalSection(SolutionProperties) = preSolution
		HideSolutionNode = FALSE
	EndGlobalSection
	GlobalSection(ExtensibilityGlobals) = postSolution
		SolutionGuid = {8669825A-41FB-44CE-A003-2AB7ED778CFE}
	EndGlobalSection
EndGlobal
